// !$*UTF8*$!
{
	archiveVersion = 1;
	classes = {
	};
	objectVersion = 46;
	objects = {

/* Begin PBXBuildFile section */
		3062CAB81AAD0AE500BE84BC /* MovieEntry.m in Sources */ = {isa = PBXBuildFile; fileRef = 3062CAB71AAD0AE500BE84BC /* MovieEntry.m */; };
		3062CABB1AAD160B00BE84BC /* MovieEntryTableViewCell.m in Sources */ = {isa = PBXBuildFile; fileRef = 3062CABA1AAD160B00BE84BC /* MovieEntryTableViewCell.m */; };
		3062CABE1AAD880C00BE84BC /* Theater.m in Sources */ = {isa = PBXBuildFile; fileRef = 3062CABD1AAD880C00BE84BC /* Theater.m */; };
		308E58CC1AB52E9F00738CD0 /* SelectTheaterViewController.m in Sources */ = {isa = PBXBuildFile; fileRef = 308E58CB1AB52E9F00738CD0 /* SelectTheaterViewController.m */; };
		308E58CF1AB532F700738CD0 /* TheaterEntryTableViewCell.m in Sources */ = {isa = PBXBuildFile; fileRef = 308E58CE1AB532F700738CD0 /* TheaterEntryTableViewCell.m */; };
		3095259D1AACF81300AC3B1D /* main.m in Sources */ = {isa = PBXBuildFile; fileRef = 3095259C1AACF81300AC3B1D /* main.m */; };
		309525A01AACF81300AC3B1D /* AppDelegate.m in Sources */ = {isa = PBXBuildFile; fileRef = 3095259F1AACF81300AC3B1D /* AppDelegate.m */; };
		309525A31AACF81300AC3B1D /* ViewController.m in Sources */ = {isa = PBXBuildFile; fileRef = 309525A21AACF81300AC3B1D /* ViewController.m */; };
		309525A61AACF81300AC3B1D /* Main.storyboard in Resources */ = {isa = PBXBuildFile; fileRef = 309525A41AACF81300AC3B1D /* Main.storyboard */; };
		309525A81AACF81300AC3B1D /* Images.xcassets in Resources */ = {isa = PBXBuildFile; fileRef = 309525A71AACF81300AC3B1D /* Images.xcassets */; };
		309525AB1AACF81300AC3B1D /* LaunchScreen.xib in Resources */ = {isa = PBXBuildFile; fileRef = 309525A91AACF81300AC3B1D /* LaunchScreen.xib */; };
		309525B71AACF81300AC3B1D /* MovieMarathonTests.m in Sources */ = {isa = PBXBuildFile; fileRef = 309525B61AACF81300AC3B1D /* MovieMarathonTests.m */; };
		D7521F086B7E875C996A2487 /* libPods.a in Frameworks */ = {isa = PBXBuildFile; fileRef = FAE04773F97F7B07D1BE3325 /* libPods.a */; };
/* End PBXBuildFile section */

/* Begin PBXContainerItemProxy section */
		309525B11AACF81300AC3B1D /* PBXContainerItemProxy */ = {
			isa = PBXContainerItemProxy;
			containerPortal = 3095258F1AACF81300AC3B1D /* Project object */;
			proxyType = 1;
			remoteGlobalIDString = 309525961AACF81300AC3B1D;
			remoteInfo = MovieMarathon;
		};
/* End PBXContainerItemProxy section */

/* Begin PBXFileReference section */
		3062CAB61AAD0AE500BE84BC /* MovieEntry.h */ = {isa = PBXFileReference; fileEncoding = 4; lastKnownFileType = sourcecode.c.h; path = MovieEntry.h; sourceTree = "<group>"; };
		3062CAB71AAD0AE500BE84BC /* MovieEntry.m */ = {isa = PBXFileReference; fileEncoding = 4; lastKnownFileType = sourcecode.c.objc; path = MovieEntry.m; sourceTree = "<group>"; };
		3062CAB91AAD160B00BE84BC /* MovieEntryTableViewCell.h */ = {isa = PBXFileReference; fileEncoding = 4; lastKnownFileType = sourcecode.c.h; path = MovieEntryTableViewCell.h; sourceTree = "<group>"; };
		3062CABA1AAD160B00BE84BC /* MovieEntryTableViewCell.m */ = {isa = PBXFileReference; fileEncoding = 4; lastKnownFileType = sourcecode.c.objc; path = MovieEntryTableViewCell.m; sourceTree = "<group>"; };
		3062CABC1AAD880C00BE84BC /* Theater.h */ = {isa = PBXFileReference; fileEncoding = 4; lastKnownFileType = sourcecode.c.h; path = Theater.h; sourceTree = "<group>"; };
		3062CABD1AAD880C00BE84BC /* Theater.m */ = {isa = PBXFileReference; fileEncoding = 4; lastKnownFileType = sourcecode.c.objc; path = Theater.m; sourceTree = "<group>"; };
		308E58CA1AB52E9F00738CD0 /* SelectTheaterViewController.h */ = {isa = PBXFileReference; fileEncoding = 4; lastKnownFileType = sourcecode.c.h; path = SelectTheaterViewController.h; sourceTree = "<group>"; };
		308E58CB1AB52E9F00738CD0 /* SelectTheaterViewController.m */ = {isa = PBXFileReference; fileEncoding = 4; lastKnownFileType = sourcecode.c.objc; path = SelectTheaterViewController.m; sourceTree = "<group>"; };
		308E58CD1AB532F700738CD0 /* TheaterEntryTableViewCell.h */ = {isa = PBXFileReference; fileEncoding = 4; lastKnownFileType = sourcecode.c.h; path = TheaterEntryTableViewCell.h; sourceTree = "<group>"; };
		308E58CE1AB532F700738CD0 /* TheaterEntryTableViewCell.m */ = {isa = PBXFileReference; fileEncoding = 4; lastKnownFileType = sourcecode.c.objc; path = TheaterEntryTableViewCell.m; sourceTree = "<group>"; };
		309525971AACF81300AC3B1D /* MovieMarathon.app */ = {isa = PBXFileReference; explicitFileType = wrapper.application; includeInIndex = 0; path = MovieMarathon.app; sourceTree = BUILT_PRODUCTS_DIR; };
		3095259B1AACF81300AC3B1D /* Info.plist */ = {isa = PBXFileReference; lastKnownFileType = text.plist.xml; path = Info.plist; sourceTree = "<group>"; };
		3095259C1AACF81300AC3B1D /* main.m */ = {isa = PBXFileReference; lastKnownFileType = sourcecode.c.objc; path = main.m; sourceTree = "<group>"; };
		3095259E1AACF81300AC3B1D /* AppDelegate.h */ = {isa = PBXFileReference; lastKnownFileType = sourcecode.c.h; path = AppDelegate.h; sourceTree = "<group>"; };
		3095259F1AACF81300AC3B1D /* AppDelegate.m */ = {isa = PBXFileReference; lastKnownFileType = sourcecode.c.objc; path = AppDelegate.m; sourceTree = "<group>"; };
		309525A11AACF81300AC3B1D /* ViewController.h */ = {isa = PBXFileReference; lastKnownFileType = sourcecode.c.h; path = ViewController.h; sourceTree = "<group>"; };
		309525A21AACF81300AC3B1D /* ViewController.m */ = {isa = PBXFileReference; lastKnownFileType = sourcecode.c.objc; path = ViewController.m; sourceTree = "<group>"; };
		309525A51AACF81300AC3B1D /* Base */ = {isa = PBXFileReference; lastKnownFileType = file.storyboard; name = Base; path = Base.lproj/Main.storyboard; sourceTree = "<group>"; };
		309525A71AACF81300AC3B1D /* Images.xcassets */ = {isa = PBXFileReference; lastKnownFileType = folder.assetcatalog; path = Images.xcassets; sourceTree = "<group>"; };
		309525AA1AACF81300AC3B1D /* Base */ = {isa = PBXFileReference; lastKnownFileType = file.xib; name = Base; path = Base.lproj/LaunchScreen.xib; sourceTree = "<group>"; };
		309525B01AACF81300AC3B1D /* MovieMarathonTests.xctest */ = {isa = PBXFileReference; explicitFileType = wrapper.cfbundle; includeInIndex = 0; path = MovieMarathonTests.xctest; sourceTree = BUILT_PRODUCTS_DIR; };
		309525B51AACF81300AC3B1D /* Info.plist */ = {isa = PBXFileReference; lastKnownFileType = text.plist.xml; path = Info.plist; sourceTree = "<group>"; };
		309525B61AACF81300AC3B1D /* MovieMarathonTests.m */ = {isa = PBXFileReference; lastKnownFileType = sourcecode.c.objc; path = MovieMarathonTests.m; sourceTree = "<group>"; };
		41CE45BC9ED774F15273DDBC /* Pods.debug.xcconfig */ = {isa = PBXFileReference; includeInIndex = 1; lastKnownFileType = text.xcconfig; name = Pods.debug.xcconfig; path = "Pods/Target Support Files/Pods/Pods.debug.xcconfig"; sourceTree = "<group>"; };
		D0A0D7EB43305E31E2E23420 /* Pods.release.xcconfig */ = {isa = PBXFileReference; includeInIndex = 1; lastKnownFileType = text.xcconfig; name = Pods.release.xcconfig; path = "Pods/Target Support Files/Pods/Pods.release.xcconfig"; sourceTree = "<group>"; };
		FAE04773F97F7B07D1BE3325 /* libPods.a */ = {isa = PBXFileReference; explicitFileType = archive.ar; includeInIndex = 0; path = libPods.a; sourceTree = BUILT_PRODUCTS_DIR; };
/* End PBXFileReference section */

/* Begin PBXFrameworksBuildPhase section */
		309525941AACF81300AC3B1D /* Frameworks */ = {
			isa = PBXFrameworksBuildPhase;
			buildActionMask = 2147483647;
			files = (
				D7521F086B7E875C996A2487 /* libPods.a in Frameworks */,
			);
			runOnlyForDeploymentPostprocessing = 0;
		};
		309525AD1AACF81300AC3B1D /* Frameworks */ = {
			isa = PBXFrameworksBuildPhase;
			buildActionMask = 2147483647;
			files = (
			);
			runOnlyForDeploymentPostprocessing = 0;
		};
/* End PBXFrameworksBuildPhase section */

/* Begin PBXGroup section */
		1E7EFB0612D0A4065D15668C /* Frameworks */ = {
			isa = PBXGroup;
			children = (
				FAE04773F97F7B07D1BE3325 /* libPods.a */,
			);
			name = Frameworks;
			sourceTree = "<group>";
		};
		3095258E1AACF81300AC3B1D = {
			isa = PBXGroup;
			children = (
				309525991AACF81300AC3B1D /* MovieMarathon */,
				309525B31AACF81300AC3B1D /* MovieMarathonTests */,
				309525981AACF81300AC3B1D /* Products */,
				3851D7AF4500D2EDF6F0A4C8 /* Pods */,
				1E7EFB0612D0A4065D15668C /* Frameworks */,
			);
			sourceTree = "<group>";
		};
		309525981AACF81300AC3B1D /* Products */ = {
			isa = PBXGroup;
			children = (
				309525971AACF81300AC3B1D /* MovieMarathon.app */,
				309525B01AACF81300AC3B1D /* MovieMarathonTests.xctest */,
			);
			name = Products;
			sourceTree = "<group>";
		};
		309525991AACF81300AC3B1D /* MovieMarathon */ = {
			isa = PBXGroup;
			children = (
				308E58CD1AB532F700738CD0 /* TheaterEntryTableViewCell.h */,
				308E58CE1AB532F700738CD0 /* TheaterEntryTableViewCell.m */,
				308E58CA1AB52E9F00738CD0 /* SelectTheaterViewController.h */,
				308E58CB1AB52E9F00738CD0 /* SelectTheaterViewController.m */,
				3062CABC1AAD880C00BE84BC /* Theater.h */,
				3062CABD1AAD880C00BE84BC /* Theater.m */,
				3062CAB91AAD160B00BE84BC /* MovieEntryTableViewCell.h */,
				3062CABA1AAD160B00BE84BC /* MovieEntryTableViewCell.m */,
				3062CAB61AAD0AE500BE84BC /* MovieEntry.h */,
				3062CAB71AAD0AE500BE84BC /* MovieEntry.m */,
				3095259E1AACF81300AC3B1D /* AppDelegate.h */,
				3095259F1AACF81300AC3B1D /* AppDelegate.m */,
				309525A11AACF81300AC3B1D /* ViewController.h */,
				309525A21AACF81300AC3B1D /* ViewController.m */,
				309525A41AACF81300AC3B1D /* Main.storyboard */,
				309525A71AACF81300AC3B1D /* Images.xcassets */,
				309525A91AACF81300AC3B1D /* LaunchScreen.xib */,
				3095259A1AACF81300AC3B1D /* Supporting Files */,
			);
			path = MovieMarathon;
			sourceTree = "<group>";
		};
		3095259A1AACF81300AC3B1D /* Supporting Files */ = {
			isa = PBXGroup;
			children = (
				3095259B1AACF81300AC3B1D /* Info.plist */,
				3095259C1AACF81300AC3B1D /* main.m */,
			);
			name = "Supporting Files";
			sourceTree = "<group>";
		};
		309525B31AACF81300AC3B1D /* MovieMarathonTests */ = {
			isa = PBXGroup;
			children = (
				309525B61AACF81300AC3B1D /* MovieMarathonTests.m */,
				309525B41AACF81300AC3B1D /* Supporting Files */,
			);
			path = MovieMarathonTests;
			sourceTree = "<group>";
		};
		309525B41AACF81300AC3B1D /* Supporting Files */ = {
			isa = PBXGroup;
			children = (
				309525B51AACF81300AC3B1D /* Info.plist */,
			);
			name = "Supporting Files";
			sourceTree = "<group>";
		};
		3851D7AF4500D2EDF6F0A4C8 /* Pods */ = {
			isa = PBXGroup;
			children = (
				41CE45BC9ED774F15273DDBC /* Pods.debug.xcconfig */,
				D0A0D7EB43305E31E2E23420 /* Pods.release.xcconfig */,
			);
			name = Pods;
			sourceTree = "<group>";
		};
/* End PBXGroup section */

/* Begin PBXNativeTarget section */
		309525961AACF81300AC3B1D /* MovieMarathon */ = {
			isa = PBXNativeTarget;
			buildConfigurationList = 309525BA1AACF81300AC3B1D /* Build configuration list for PBXNativeTarget "MovieMarathon" */;
			buildPhases = (
				639D2B4DEDC0F12AE30AB50B /* Check Pods Manifest.lock */,
				309525931AACF81300AC3B1D /* Sources */,
				309525941AACF81300AC3B1D /* Frameworks */,
				309525951AACF81300AC3B1D /* Resources */,
				7C139E93012B043886A2B44D /* Copy Pods Resources */,
			);
			buildRules = (
			);
			dependencies = (
			);
			name = MovieMarathon;
			productName = MovieMarathon;
			productReference = 309525971AACF81300AC3B1D /* MovieMarathon.app */;
			productType = "com.apple.product-type.application";
		};
		309525AF1AACF81300AC3B1D /* MovieMarathonTests */ = {
			isa = PBXNativeTarget;
			buildConfigurationList = 309525BD1AACF81300AC3B1D /* Build configuration list for PBXNativeTarget "MovieMarathonTests" */;
			buildPhases = (
				309525AC1AACF81300AC3B1D /* Sources */,
				309525AD1AACF81300AC3B1D /* Frameworks */,
				309525AE1AACF81300AC3B1D /* Resources */,
			);
			buildRules = (
			);
			dependencies = (
				309525B21AACF81300AC3B1D /* PBXTargetDependency */,
			);
			name = MovieMarathonTests;
			productName = MovieMarathonTests;
			productReference = 309525B01AACF81300AC3B1D /* MovieMarathonTests.xctest */;
			productType = "com.apple.product-type.bundle.unit-test";
		};
/* End PBXNativeTarget section */

/* Begin PBXProject section */
		3095258F1AACF81300AC3B1D /* Project object */ = {
			isa = PBXProject;
			attributes = {
				LastUpgradeCheck = 0610;
				ORGANIZATIONNAME = "Matan Vardi";
				TargetAttributes = {
					309525961AACF81300AC3B1D = {
						CreatedOnToolsVersion = 6.1.1;
					};
					309525AF1AACF81300AC3B1D = {
						CreatedOnToolsVersion = 6.1.1;
						TestTargetID = 309525961AACF81300AC3B1D;
					};
				};
			};
			buildConfigurationList = 309525921AACF81300AC3B1D /* Build configuration list for PBXProject "MovieMarathon" */;
			compatibilityVersion = "Xcode 3.2";
			developmentRegion = English;
			hasScannedForEncodings = 0;
			knownRegions = (
				en,
				Base,
			);
			mainGroup = 3095258E1AACF81300AC3B1D;
			productRefGroup = 309525981AACF81300AC3B1D /* Products */;
			projectDirPath = "";
			projectRoot = "";
			targets = (
				309525961AACF81300AC3B1D /* MovieMarathon */,
				309525AF1AACF81300AC3B1D /* MovieMarathonTests */,
			);
		};
/* End PBXProject section */

/* Begin PBXResourcesBuildPhase section */
		309525951AACF81300AC3B1D /* Resources */ = {
			isa = PBXResourcesBuildPhase;
			buildActionMask = 2147483647;
			files = (
				309525A61AACF81300AC3B1D /* Main.storyboard in Resources */,
				309525AB1AACF81300AC3B1D /* LaunchScreen.xib in Resources */,
				309525A81AACF81300AC3B1D /* Images.xcassets in Resources */,
			);
			runOnlyForDeploymentPostprocessing = 0;
		};
		309525AE1AACF81300AC3B1D /* Resources */ = {
			isa = PBXResourcesBuildPhase;
			buildActionMask = 2147483647;
			files = (
			);
			runOnlyForDeploymentPostprocessing = 0;
		};
/* End PBXResourcesBuildPhase section */

/* Begin PBXShellScriptBuildPhase section */
		639D2B4DEDC0F12AE30AB50B /* Check Pods Manifest.lock */ = {
			isa = PBXShellScriptBuildPhase;
			buildActionMask = 2147483647;
			files = (
			);
			inputPaths = (
			);
			name = "Check Pods Manifest.lock";
			outputPaths = (
			);
			runOnlyForDeploymentPostprocessing = 0;
			shellPath = /bin/sh;
			shellScript = "diff \"${PODS_ROOT}/../Podfile.lock\" \"${PODS_ROOT}/Manifest.lock\" > /dev/null\nif [[ $? != 0 ]] ; then\n    cat << EOM\nerror: The sandbox is not in sync with the Podfile.lock. Run 'pod install' or update your CocoaPods installation.\nEOM\n    exit 1\nfi\n";
			showEnvVarsInLog = 0;
		};
		7C139E93012B043886A2B44D /* Copy Pods Resources */ = {
			isa = PBXShellScriptBuildPhase;
			buildActionMask = 2147483647;
			files = (
			);
			inputPaths = (
			);
			name = "Copy Pods Resources";
			outputPaths = (
			);
			runOnlyForDeploymentPostprocessing = 0;
			shellPath = /bin/sh;
			shellScript = "\"${SRCROOT}/Pods/Target Support Files/Pods/Pods-resources.sh\"\n";
			showEnvVarsInLog = 0;
		};
/* End PBXShellScriptBuildPhase section */

/* Begin PBXSourcesBuildPhase section */
		309525931AACF81300AC3B1D /* Sources */ = {
			isa = PBXSourcesBuildPhase;
			buildActionMask = 2147483647;
			files = (
				308E58CF1AB532F700738CD0 /* TheaterEntryTableViewCell.m in Sources */,
				309525A31AACF81300AC3B1D /* ViewController.m in Sources */,
				309525A01AACF81300AC3B1D /* AppDelegate.m in Sources */,
				3062CAB81AAD0AE500BE84BC /* MovieEntry.m in Sources */,
				308E58CC1AB52E9F00738CD0 /* SelectTheaterViewController.m in Sources */,
				3062CABE1AAD880C00BE84BC /* Theater.m in Sources */,
				3062CABB1AAD160B00BE84BC /* MovieEntryTableViewCell.m in Sources */,
				3095259D1AACF81300AC3B1D /* main.m in Sources */,
			);
			runOnlyForDeploymentPostprocessing = 0;
		};
		309525AC1AACF81300AC3B1D /* Sources */ = {
			isa = PBXSourcesBuildPhase;
			buildActionMask = 2147483647;
			files = (
				309525B71AACF81300AC3B1D /* MovieMarathonTests.m in Sources */,
			);
			runOnlyForDeploymentPostprocessing = 0;
		};
/* End PBXSourcesBuildPhase section */

/* Begin PBXTargetDependency section */
		309525B21AACF81300AC3B1D /* PBXTargetDependency */ = {
			isa = PBXTargetDependency;
			target = 309525961AACF81300AC3B1D /* MovieMarathon */;
			targetProxy = 309525B11AACF81300AC3B1D /* PBXContainerItemProxy */;
		};
/* End PBXTargetDependency section */

/* Begin PBXVariantGroup section */
		309525A41AACF81300AC3B1D /* Main.storyboard */ = {
			isa = PBXVariantGroup;
			children = (
				309525A51AACF81300AC3B1D /* Base */,
			);
			name = Main.storyboard;
			sourceTree = "<group>";
		};
		309525A91AACF81300AC3B1D /* LaunchScreen.xib */ = {
			isa = PBXVariantGroup;
			children = (
				309525AA1AACF81300AC3B1D /* Base */,
			);
			name = LaunchScreen.xib;
			sourceTree = "<group>";
		};
/* End PBXVariantGroup section */

/* Begin XCBuildConfiguration section */
		309525B81AACF81300AC3B1D /* Debug */ = {
			isa = XCBuildConfiguration;
			buildSettings = {
				ALWAYS_SEARCH_USER_PATHS = NO;
				CLANG_CXX_LANGUAGE_STANDARD = "gnu++0x";
				CLANG_CXX_LIBRARY = "libc++";
				CLANG_ENABLE_MODULES = YES;
				CLANG_ENABLE_OBJC_ARC = YES;
				CLANG_WARN_BOOL_CONVERSION = YES;
				CLANG_WARN_CONSTANT_CONVERSION = YES;
				CLANG_WARN_DIRECT_OBJC_ISA_USAGE = YES_ERROR;
				CLANG_WARN_EMPTY_BODY = YES;
				CLANG_WARN_ENUM_CONVERSION = YES;
				CLANG_WARN_INT_CONVERSION = YES;
				CLANG_WARN_OBJC_ROOT_CLASS = YES_ERROR;
				CLANG_WARN_UNREACHABLE_CODE = YES;
				CLANG_WARN__DUPLICATE_METHOD_MATCH = YES;
				"CODE_SIGN_IDENTITY[sdk=iphoneos*]" = "iPhone Developer";
				COPY_PHASE_STRIP = NO;
				ENABLE_STRICT_OBJC_MSGSEND = YES;
				GCC_C_LANGUAGE_STANDARD = gnu99;
				GCC_DYNAMIC_NO_PIC = NO;
				GCC_OPTIMIZATION_LEVEL = 0;
				GCC_PREPROCESSOR_DEFINITIONS = (
					"DEBUG=1",
					"$(inherited)",
				);
				GCC_SYMBOLS_PRIVATE_EXTERN = NO;
				GCC_WARN_64_TO_32_BIT_CONVERSION = YES;
				GCC_WARN_ABOUT_RETURN_TYPE = YES_ERROR;
				GCC_WARN_UNDECLARED_SELECTOR = YES;
				GCC_WARN_UNINITIALIZED_AUTOS = YES_AGGRESSIVE;
				GCC_WARN_UNUSED_FUNCTION = YES;
				GCC_WARN_UNUSED_VARIABLE = YES;
				IPHONEOS_DEPLOYMENT_TARGET = 8.1;
				MTL_ENABLE_DEBUG_INFO = YES;
				ONLY_ACTIVE_ARCH = YES;
				SDKROOT = iphoneos;
			};
			name = Debug;
		};
		309525B91AACF81300AC3B1D /* Release */ = {
			isa = XCBuildConfiguration;
			buildSettings = {
				ALWAYS_SEARCH_USER_PATHS = NO;
				CLANG_CXX_LANGUAGE_STANDARD = "gnu++0x";
				CLANG_CXX_LIBRARY = "libc++";
				CLANG_ENABLE_MODULES = YES;
				CLANG_ENABLE_OBJC_ARC = YES;
				CLANG_WARN_BOOL_CONVERSION = YES;
				CLANG_WARN_CONSTANT_CONVERSION = YES;
				CLANG_WARN_DIRECT_OBJC_ISA_USAGE = YES_ERROR;
				CLANG_WARN_EMPTY_BODY = YES;
				CLANG_WARN_ENUM_CONVERSION = YES;
				CLANG_WARN_INT_CONVERSION = YES;
				CLANG_WARN_OBJC_ROOT_CLASS = YES_ERROR;
				CLANG_WARN_UNREACHABLE_CODE = YES;
				CLANG_WARN__DUPLICATE_METHOD_MATCH = YES;
				"CODE_SIGN_IDENTITY[sdk=iphoneos*]" = "iPhone Developer";
				COPY_PHASE_STRIP = YES;
				ENABLE_NS_ASSERTIONS = NO;
				ENABLE_STRICT_OBJC_MSGSEND = YES;
				GCC_C_LANGUAGE_STANDARD = gnu99;
				GCC_WARN_64_TO_32_BIT_CONVERSION = YES;
				GCC_WARN_ABOUT_RETURN_TYPE = YES_ERROR;
				GCC_WARN_UNDECLARED_SELECTOR = YES;
				GCC_WARN_UNINITIALIZED_AUTOS = YES_AGGRESSIVE;
				GCC_WARN_UNUSED_FUNCTION = YES;
				GCC_WARN_UNUSED_VARIABLE = YES;
				IPHONEOS_DEPLOYMENT_TARGET = 8.1;
				MTL_ENABLE_DEBUG_INFO = NO;
				SDKROOT = iphoneos;
				VALIDATE_PRODUCT = YES;
			};
			name = Release;
		};
		309525BB1AACF81300AC3B1D /* Debug */ = {
			isa = XCBuildConfiguration;
			baseConfigurationReference = 41CE45BC9ED774F15273DDBC /* Pods.debug.xcconfig */;
			buildSettings = {
				ASSETCATALOG_COMPILER_APPICON_NAME = AppIcon;
				INFOPLIST_FILE = MovieMarathon/Info.plist;
				LD_RUNPATH_SEARCH_PATHS = "$(inherited) @executable_path/Frameworks";
				PRODUCT_NAME = "$(TARGET_NAME)";
			};
			name = Debug;
		};
		309525BC1AACF81300AC3B1D /* Release */ = {
			isa = XCBuildConfiguration;
			baseConfigurationReference = D0A0D7EB43305E31E2E23420 /* Pods.release.xcconfig */;
			buildSettings = {
				ASSETCATALOG_COMPILER_APPICON_NAME = AppIcon;
				INFOPLIST_FILE = MovieMarathon/Info.plist;
				LD_RUNPATH_SEARCH_PATHS = "$(inherited) @executable_path/Frameworks";
				PRODUCT_NAME = "$(TARGET_NAME)";
			};
			name = Release;
		};
		309525BE1AACF81300AC3B1D /* Debug */ = {
			isa = XCBuildConfiguration;
			buildSettings = {
				BUNDLE_LOADER = "$(TEST_HOST)";
				FRAMEWORK_SEARCH_PATHS = (
					"$(SDKROOT)/Developer/Library/Frameworks",
					"$(inherited)",
				);
				GCC_PREPROCESSOR_DEFINITIONS = (
					"DEBUG=1",
					"$(inherited)",
				);
				INFOPLIST_FILE = MovieMarathonTests/Info.plist;
				LD_RUNPATH_SEARCH_PATHS = "$(inherited) @executable_path/Frameworks @loader_path/Frameworks";
				PRODUCT_NAME = "$(TARGET_NAME)";
				TEST_HOST = "$(BUILT_PRODUCTS_DIR)/MovieMarathon.app/MovieMarathon";
			};
			name = Debug;
		};
		309525BF1AACF81300AC3B1D /* Release */ = {
			isa = XCBuildConfiguration;
			buildSettings = {
				BUNDLE_LOADER = "$(TEST_HOST)";
				FRAMEWORK_SEARCH_PATHS = (
					"$(SDKROOT)/Developer/Library/Frameworks",
					"$(inherited)",
				);
				INFOPLIST_FILE = MovieMarathonTests/Info.plist;
				LD_RUNPATH_SEARCH_PATHS = "$(inherited) @executable_path/Frameworks @loader_path/Frameworks";
				PRODUCT_NAME = "$(TARGET_NAME)";
				TEST_HOST = "$(BUILT_PRODUCTS_DIR)/MovieMarathon.app/MovieMarathon";
			};
			name = Release;
		};
/* End XCBuildConfiguration section */

/* Begin XCConfigurationList section */
		309525921AACF81300AC3B1D /* Build configuration list for PBXProject "MovieMarathon" */ = {
			isa = XCConfigurationList;
			buildConfigurations = (
				309525B81AACF81300AC3B1D /* Debug */,
				309525B91AACF81300AC3B1D /* Release */,
			);
			defaultConfigurationIsVisible = 0;
			defaultConfigurationName = Release;
		};
		309525BA1AACF81300AC3B1D /* Build configuration list for PBXNativeTarget "MovieMarathon" */ = {
			isa = XCConfigurationList;
			buildConfigurations = (
				309525BB1AACF81300AC3B1D /* Debug */,
				309525BC1AACF81300AC3B1D /* Release */,
			);
			defaultConfigurationIsVisible = 0;
			defaultConfigurationName = Release;
		};
		309525BD1AACF81300AC3B1D /* Build configuration list for PBXNativeTarget "MovieMarathonTests" */ = {
			isa = XCConfigurationList;
			buildConfigurations = (
				309525BE1AACF81300AC3B1D /* Debug */,
				309525BF1AACF81300AC3B1D /* Release */,
			);
			defaultConfigurationIsVisible = 0;
			defaultConfigurationName = Release;
		};
/* End XCConfigurationList section */
	};
	rootObject = 3095258F1AACF81300AC3B1D /* Project object */;
}
